
Microsoft Visual Studio Solution File, Format Version 12.00
# Visual Studio Version 17
VisualStudioVersion = 17.4.33205.214
MinimumVisualStudioVersion = 10.0.40219.1
Project("{FAE04EC0-301F-11D3-BF4B-00C04F79EFBC}") = "1ReverseAString", "1ReverseAString\1ReverseAString.csproj", "{49F8079F-B821-40B3-A57D-7B7DD0C5E80F}"
EndProject
Global
	GlobalSection(SolutionConfigurationPlatforms) = preSolution
		Debug|Any CPU = Debug|Any CPU
		Release|Any CPU = Release|Any CPU
	EndGlobalSection
	GlobalSection(ProjectConfigurationPlatforms) = postSolution
		{49F8079F-B821-40B3-A57D-7B7DD0C5E80F}.Debug|Any CPU.ActiveCfg = Debug|Any CPU
		{49F8079F-B821-40B3-A57D-7B7DD0C5E80F}.Debug|Any CPU.Build.0 = Debug|Any CPU
		{49F8079F-B821-40B3-A57D-7B7DD0C5E80F}.Release|Any CPU.ActiveCfg = Release|Any CPU
		{49F8079F-B821-40B3-A57D-7B7DD0C5E80F}.Release|Any CPU.Build.0 = Release|Any CPU
	EndGlobalSection
	GlobalSection(SolutionProperties) = preSolution
		HideSolutionNode = FALSE
	EndGlobalSection
	GlobalSection(ExtensibilityGlobals) = postSolution
		SolutionGuid = {183A4397-E236-4F8F-B556-5325FEF5F3F2}
	EndGlobalSection
EndGlobal
