
Microsoft Visual Studio Solution File, Format Version 12.00
# Visual Studio Version 17
VisualStudioVersion = 17.4.33213.308
MinimumVisualStudioVersion = 10.0.40219.1
Project("{FAE04EC0-301F-11D3-BF4B-00C04F79EFBC}") = "CarManufacturer", "CarManufacturer\CarManufacturer.csproj", "{649335E3-FCED-410C-AAC8-26109DFEF9B9}"
EndProject
Global
	GlobalSection(SolutionConfigurationPlatforms) = preSolution
		Debug|Any CPU = Debug|Any CPU
		Release|Any CPU = Release|Any CPU
	EndGlobalSection
	GlobalSection(ProjectConfigurationPlatforms) = postSolution
		{649335E3-FCED-410C-AAC8-26109DFEF9B9}.Debug|Any CPU.ActiveCfg = Debug|Any CPU
		{649335E3-FCED-410C-AAC8-26109DFEF9B9}.Debug|Any CPU.Build.0 = Debug|Any CPU
		{649335E3-FCED-410C-AAC8-26109DFEF9B9}.Release|Any CPU.ActiveCfg = Release|Any CPU
		{649335E3-FCED-410C-AAC8-26109DFEF9B9}.Release|Any CPU.Build.0 = Release|Any CPU
	EndGlobalSection
	GlobalSection(SolutionProperties) = preSolution
		HideSolutionNode = FALSE
	EndGlobalSection
	GlobalSection(ExtensibilityGlobals) = postSolution
		SolutionGuid = {07BA7FD1-CBE0-437E-B4E9-E6C657D4098B}
	EndGlobalSection
EndGlobal
