
Microsoft Visual Studio Solution File, Format Version 12.00
# Visual Studio Version 17
VisualStudioVersion = 17.4.33213.308
MinimumVisualStudioVersion = 10.0.40219.1
Project("{9A19103F-16F7-4668-BE54-9A1E7A4F7556}") = "BoxOfT", "BoxOfT\BoxOfT.csproj", "{A79F9378-2715-4EAD-A3B9-2F0AF308456C}"
EndProject
Project("{9A19103F-16F7-4668-BE54-9A1E7A4F7556}") = "GenericArrayCreator", "GenericArrayCreator\GenericArrayCreator.csproj", "{07E53D5A-8703-4263-8E67-8556436902DF}"
EndProject
Project("{FAE04EC0-301F-11D3-BF4B-00C04F79EFBC}") = "GenericScale", "GenericScale\GenericScale.csproj", "{2B70649D-B3D6-4DE1-A0B5-5CFDF685C03D}"
EndProject
Global
	GlobalSection(SolutionConfigurationPlatforms) = preSolution
		Debug|Any CPU = Debug|Any CPU
		Release|Any CPU = Release|Any CPU
	EndGlobalSection
	GlobalSection(ProjectConfigurationPlatforms) = postSolution
		{A79F9378-2715-4EAD-A3B9-2F0AF308456C}.Debug|Any CPU.ActiveCfg = Debug|Any CPU
		{A79F9378-2715-4EAD-A3B9-2F0AF308456C}.Debug|Any CPU.Build.0 = Debug|Any CPU
		{A79F9378-2715-4EAD-A3B9-2F0AF308456C}.Release|Any CPU.ActiveCfg = Release|Any CPU
		{A79F9378-2715-4EAD-A3B9-2F0AF308456C}.Release|Any CPU.Build.0 = Release|Any CPU
		{07E53D5A-8703-4263-8E67-8556436902DF}.Debug|Any CPU.ActiveCfg = Debug|Any CPU
		{07E53D5A-8703-4263-8E67-8556436902DF}.Debug|Any CPU.Build.0 = Debug|Any CPU
		{07E53D5A-8703-4263-8E67-8556436902DF}.Release|Any CPU.ActiveCfg = Release|Any CPU
		{07E53D5A-8703-4263-8E67-8556436902DF}.Release|Any CPU.Build.0 = Release|Any CPU
		{2B70649D-B3D6-4DE1-A0B5-5CFDF685C03D}.Debug|Any CPU.ActiveCfg = Debug|Any CPU
		{2B70649D-B3D6-4DE1-A0B5-5CFDF685C03D}.Debug|Any CPU.Build.0 = Debug|Any CPU
		{2B70649D-B3D6-4DE1-A0B5-5CFDF685C03D}.Release|Any CPU.ActiveCfg = Release|Any CPU
		{2B70649D-B3D6-4DE1-A0B5-5CFDF685C03D}.Release|Any CPU.Build.0 = Release|Any CPU
	EndGlobalSection
	GlobalSection(SolutionProperties) = preSolution
		HideSolutionNode = FALSE
	EndGlobalSection
	GlobalSection(ExtensibilityGlobals) = postSolution
		SolutionGuid = {44B68E0D-E885-482B-BC30-A3E1B4E9131B}
	EndGlobalSection
EndGlobal
